
Microsoft Visual Studio Solution File, Format Version 12.00
# Visual Studio Version 17
VisualStudioVersion = 17.3.32804.467
MinimumVisualStudioVersion = 10.0.40219.1
Project("{FAE04EC0-301F-11D3-BF4B-00C04F79EFBC}") = "TaskBilling.API", "TaskBilling.API\TaskBilling.API.csproj", "{866F9959-0C33-4620-807E-142ACD149544}"
EndProject
Project("{FAE04EC0-301F-11D3-BF4B-00C04F79EFBC}") = "TaskBilling.Core", "TaskBilling.Core\TaskBilling.Core.csproj", "{C90B64CA-1D09-429B-BC37-1494CE180E5B}"
EndProject
Project("{FAE04EC0-301F-11D3-BF4B-00C04F79EFBC}") = "TaskBilling.Infrastructure", "TaskBilling.Infrastructure\TaskBilling.Infrastructure.csproj", "{809B71F9-601A-4857-A23F-E8FDED00E94F}"
EndProject
Project("{2150E333-8FDC-42A3-9474-1A3956D46DE8}") = "Tests", "Tests", "{6F8FC405-0844-47CB-B679-7C650E90A469}"
EndProject
Project("{FAE04EC0-301F-11D3-BF4B-00C04F79EFBC}") = "TaskBilling.Tests", "TaskBilling.Tests\TaskBilling.Tests.csproj", "{56096A35-CBA1-423D-B71F-3DB5098C085C}"
EndProject
Global
	GlobalSection(SolutionConfigurationPlatforms) = preSolution
		Debug|Any CPU = Debug|Any CPU
		Release|Any CPU = Release|Any CPU
	EndGlobalSection
	GlobalSection(ProjectConfigurationPlatforms) = postSolution
		{866F9959-0C33-4620-807E-142ACD149544}.Debug|Any CPU.ActiveCfg = Debug|Any CPU
		{866F9959-0C33-4620-807E-142ACD149544}.Debug|Any CPU.Build.0 = Debug|Any CPU
		{866F9959-0C33-4620-807E-142ACD149544}.Release|Any CPU.ActiveCfg = Release|Any CPU
		{866F9959-0C33-4620-807E-142ACD149544}.Release|Any CPU.Build.0 = Release|Any CPU
		{C90B64CA-1D09-429B-BC37-1494CE180E5B}.Debug|Any CPU.ActiveCfg = Debug|Any CPU
		{C90B64CA-1D09-429B-BC37-1494CE180E5B}.Debug|Any CPU.Build.0 = Debug|Any CPU
		{C90B64CA-1D09-429B-BC37-1494CE180E5B}.Release|Any CPU.ActiveCfg = Release|Any CPU
		{C90B64CA-1D09-429B-BC37-1494CE180E5B}.Release|Any CPU.Build.0 = Release|Any CPU
		{809B71F9-601A-4857-A23F-E8FDED00E94F}.Debug|Any CPU.ActiveCfg = Debug|Any CPU
		{809B71F9-601A-4857-A23F-E8FDED00E94F}.Debug|Any CPU.Build.0 = Debug|Any CPU
		{809B71F9-601A-4857-A23F-E8FDED00E94F}.Release|Any CPU.ActiveCfg = Release|Any CPU
		{809B71F9-601A-4857-A23F-E8FDED00E94F}.Release|Any CPU.Build.0 = Release|Any CPU
		{56096A35-CBA1-423D-B71F-3DB5098C085C}.Debug|Any CPU.ActiveCfg = Debug|Any CPU
		{56096A35-CBA1-423D-B71F-3DB5098C085C}.Debug|Any CPU.Build.0 = Debug|Any CPU
		{56096A35-CBA1-423D-B71F-3DB5098C085C}.Release|Any CPU.ActiveCfg = Release|Any CPU
		{56096A35-CBA1-423D-B71F-3DB5098C085C}.Release|Any CPU.Build.0 = Release|Any CPU
	EndGlobalSection
	GlobalSection(SolutionProperties) = preSolution
		HideSolutionNode = FALSE
	EndGlobalSection
	GlobalSection(NestedProjects) = preSolution
		{56096A35-CBA1-423D-B71F-3DB5098C085C} = {6F8FC405-0844-47CB-B679-7C650E90A469}
	EndGlobalSection
	GlobalSection(ExtensibilityGlobals) = postSolution
		SolutionGuid = {C96AEBE3-5205-4CDF-8825-BD873D2AAEF3}
	EndGlobalSection
EndGlobal
